
Microsoft Visual Studio Solution File, Format Version 12.00
# Visual Studio Version 16
VisualStudioVersion = 16.0.32106.194
MinimumVisualStudioVersion = 10.0.40219.1
Project("{FAE04EC0-301F-11D3-BF4B-00C04F79EFBC}") = "Line_Comparison", "Line_Comparison.csproj", "{2EA2AA8F-29A5-4136-B224-BE75E52BF91C}"
EndProject
Global
	GlobalSection(SolutionConfigurationPlatforms) = preSolution
		Debug|Any CPU = Debug|Any CPU
		Release|Any CPU = Release|Any CPU
	EndGlobalSection
	GlobalSection(ProjectConfigurationPlatforms) = postSolution
		{2EA2AA8F-29A5-4136-B224-BE75E52BF91C}.Debug|Any CPU.ActiveCfg = Debug|Any CPU
		{2EA2AA8F-29A5-4136-B224-BE75E52BF91C}.Debug|Any CPU.Build.0 = Debug|Any CPU
		{2EA2AA8F-29A5-4136-B224-BE75E52BF91C}.Release|Any CPU.ActiveCfg = Release|Any CPU
		{2EA2AA8F-29A5-4136-B224-BE75E52BF91C}.Release|Any CPU.Build.0 = Release|Any CPU
	EndGlobalSection
	GlobalSection(SolutionProperties) = preSolution
		HideSolutionNode = FALSE
	EndGlobalSection
	GlobalSection(ExtensibilityGlobals) = postSolution
		SolutionGuid = {7E9076F6-FD0C-470A-BE59-1BB700A1E022}
	EndGlobalSection
EndGlobal
